
Microsoft Visual Studio Solution File, Format Version 12.00
# Visual Studio Version 16
VisualStudioVersion = 16.0.30907.101
MinimumVisualStudioVersion = 10.0.40219.1
Project("{9A19103F-16F7-4668-BE54-9A1E7A4F7556}") = "Entities", "Entities\Entities.csproj", "{9981A877-D351-45AD-A57A-7FE18C963D73}"
EndProject
Project("{9A19103F-16F7-4668-BE54-9A1E7A4F7556}") = "DataAccess", "DataAccess\DataAccess.csproj", "{EA292D2C-B211-4F5D-8553-986BEC768926}"
EndProject
Project("{9A19103F-16F7-4668-BE54-9A1E7A4F7556}") = "Business", "Business\Business.csproj", "{5239436F-A1C3-4482-8A01-0BDDD0DDAD9A}"
EndProject
Project("{9A19103F-16F7-4668-BE54-9A1E7A4F7556}") = "Core", "Core\Core.csproj", "{21427267-2F61-4031-BAF9-A567DC880B24}"
EndProject
Project("{FAE04EC0-301F-11D3-BF4B-00C04F79EFBC}") = "Presentation", "Presentation\Presentation.csproj", "{E7CE887F-9200-48FF-A04C-5282D6AD2B78}"
EndProject
Global
	GlobalSection(SolutionConfigurationPlatforms) = preSolution
		Debug|Any CPU = Debug|Any CPU
		Release|Any CPU = Release|Any CPU
	EndGlobalSection
	GlobalSection(ProjectConfigurationPlatforms) = postSolution
		{9981A877-D351-45AD-A57A-7FE18C963D73}.Debug|Any CPU.ActiveCfg = Debug|Any CPU
		{9981A877-D351-45AD-A57A-7FE18C963D73}.Debug|Any CPU.Build.0 = Debug|Any CPU
		{9981A877-D351-45AD-A57A-7FE18C963D73}.Release|Any CPU.ActiveCfg = Release|Any CPU
		{9981A877-D351-45AD-A57A-7FE18C963D73}.Release|Any CPU.Build.0 = Release|Any CPU
		{EA292D2C-B211-4F5D-8553-986BEC768926}.Debug|Any CPU.ActiveCfg = Debug|Any CPU
		{EA292D2C-B211-4F5D-8553-986BEC768926}.Debug|Any CPU.Build.0 = Debug|Any CPU
		{EA292D2C-B211-4F5D-8553-986BEC768926}.Release|Any CPU.ActiveCfg = Release|Any CPU
		{EA292D2C-B211-4F5D-8553-986BEC768926}.Release|Any CPU.Build.0 = Release|Any CPU
		{5239436F-A1C3-4482-8A01-0BDDD0DDAD9A}.Debug|Any CPU.ActiveCfg = Debug|Any CPU
		{5239436F-A1C3-4482-8A01-0BDDD0DDAD9A}.Debug|Any CPU.Build.0 = Debug|Any CPU
		{5239436F-A1C3-4482-8A01-0BDDD0DDAD9A}.Release|Any CPU.ActiveCfg = Release|Any CPU
		{5239436F-A1C3-4482-8A01-0BDDD0DDAD9A}.Release|Any CPU.Build.0 = Release|Any CPU
		{21427267-2F61-4031-BAF9-A567DC880B24}.Debug|Any CPU.ActiveCfg = Debug|Any CPU
		{21427267-2F61-4031-BAF9-A567DC880B24}.Debug|Any CPU.Build.0 = Debug|Any CPU
		{21427267-2F61-4031-BAF9-A567DC880B24}.Release|Any CPU.ActiveCfg = Release|Any CPU
		{21427267-2F61-4031-BAF9-A567DC880B24}.Release|Any CPU.Build.0 = Release|Any CPU
		{E7CE887F-9200-48FF-A04C-5282D6AD2B78}.Debug|Any CPU.ActiveCfg = Debug|Any CPU
		{E7CE887F-9200-48FF-A04C-5282D6AD2B78}.Debug|Any CPU.Build.0 = Debug|Any CPU
		{E7CE887F-9200-48FF-A04C-5282D6AD2B78}.Release|Any CPU.ActiveCfg = Release|Any CPU
		{E7CE887F-9200-48FF-A04C-5282D6AD2B78}.Release|Any CPU.Build.0 = Release|Any CPU
	EndGlobalSection
	GlobalSection(SolutionProperties) = preSolution
		HideSolutionNode = FALSE
	EndGlobalSection
	GlobalSection(ExtensibilityGlobals) = postSolution
		SolutionGuid = {2FE8AC5D-7FE7-416E-9AB9-8F6C502FDF2A}
	EndGlobalSection
EndGlobal
